
Microsoft Visual Studio Solution File, Format Version 12.00
# Visual Studio Version 16
VisualStudioVersion = 16.0.31205.134
MinimumVisualStudioVersion = 10.0.40219.1
Project("{2150E333-8FDC-42A3-9474-1A3956D46DE8}") = "API", "API", "{21BD043F-43EB-44E3-BE63-9EA49F5E8261}"
EndProject
Project("{2150E333-8FDC-42A3-9474-1A3956D46DE8}") = "Blazor", "Blazor", "{1679B4FF-0135-4E12-AFE6-D88D1EAF6C58}"
EndProject
Project("{FAE04EC0-301F-11D3-BF4B-00C04F79EFBC}") = "WebAPI", "WebAPI\WebAPI.csproj", "{871BCB82-B3AF-42ED-BDC5-1EAC15A452DF}"
EndProject
Project("{FAE04EC0-301F-11D3-BF4B-00C04F79EFBC}") = "DomainLayer", "DomainLayer\DomainLayer.csproj", "{29DF0BEB-C382-44A9-B0CE-70F0FA520B82}"
EndProject
Project("{FAE04EC0-301F-11D3-BF4B-00C04F79EFBC}") = "ServicesLayer", "ServicesLayer\ServicesLayer.csproj", "{99CD0DA6-FFC0-441C-892A-A59AE25D661D}"
EndProject
Project("{FAE04EC0-301F-11D3-BF4B-00C04F79EFBC}") = "BlazorCRUD", "BlazorCRUD\BlazorCRUD.csproj", "{31361E9D-8A78-4EA2-AD5B-B9229C5EBB5E}"
EndProject
Global
	GlobalSection(SolutionConfigurationPlatforms) = preSolution
		Debug|Any CPU = Debug|Any CPU
		Release|Any CPU = Release|Any CPU
	EndGlobalSection
	GlobalSection(ProjectConfigurationPlatforms) = postSolution
		{871BCB82-B3AF-42ED-BDC5-1EAC15A452DF}.Debug|Any CPU.ActiveCfg = Debug|Any CPU
		{871BCB82-B3AF-42ED-BDC5-1EAC15A452DF}.Debug|Any CPU.Build.0 = Debug|Any CPU
		{871BCB82-B3AF-42ED-BDC5-1EAC15A452DF}.Release|Any CPU.ActiveCfg = Release|Any CPU
		{871BCB82-B3AF-42ED-BDC5-1EAC15A452DF}.Release|Any CPU.Build.0 = Release|Any CPU
		{29DF0BEB-C382-44A9-B0CE-70F0FA520B82}.Debug|Any CPU.ActiveCfg = Debug|Any CPU
		{29DF0BEB-C382-44A9-B0CE-70F0FA520B82}.Debug|Any CPU.Build.0 = Debug|Any CPU
		{29DF0BEB-C382-44A9-B0CE-70F0FA520B82}.Release|Any CPU.ActiveCfg = Release|Any CPU
		{29DF0BEB-C382-44A9-B0CE-70F0FA520B82}.Release|Any CPU.Build.0 = Release|Any CPU
		{99CD0DA6-FFC0-441C-892A-A59AE25D661D}.Debug|Any CPU.ActiveCfg = Debug|Any CPU
		{99CD0DA6-FFC0-441C-892A-A59AE25D661D}.Debug|Any CPU.Build.0 = Debug|Any CPU
		{99CD0DA6-FFC0-441C-892A-A59AE25D661D}.Release|Any CPU.ActiveCfg = Release|Any CPU
		{99CD0DA6-FFC0-441C-892A-A59AE25D661D}.Release|Any CPU.Build.0 = Release|Any CPU
		{31361E9D-8A78-4EA2-AD5B-B9229C5EBB5E}.Debug|Any CPU.ActiveCfg = Debug|Any CPU
		{31361E9D-8A78-4EA2-AD5B-B9229C5EBB5E}.Debug|Any CPU.Build.0 = Debug|Any CPU
		{31361E9D-8A78-4EA2-AD5B-B9229C5EBB5E}.Release|Any CPU.ActiveCfg = Release|Any CPU
		{31361E9D-8A78-4EA2-AD5B-B9229C5EBB5E}.Release|Any CPU.Build.0 = Release|Any CPU
	EndGlobalSection
	GlobalSection(SolutionProperties) = preSolution
		HideSolutionNode = FALSE
	EndGlobalSection
	GlobalSection(NestedProjects) = preSolution
		{871BCB82-B3AF-42ED-BDC5-1EAC15A452DF} = {21BD043F-43EB-44E3-BE63-9EA49F5E8261}
		{29DF0BEB-C382-44A9-B0CE-70F0FA520B82} = {21BD043F-43EB-44E3-BE63-9EA49F5E8261}
		{99CD0DA6-FFC0-441C-892A-A59AE25D661D} = {21BD043F-43EB-44E3-BE63-9EA49F5E8261}
		{31361E9D-8A78-4EA2-AD5B-B9229C5EBB5E} = {1679B4FF-0135-4E12-AFE6-D88D1EAF6C58}
	EndGlobalSection
	GlobalSection(ExtensibilityGlobals) = postSolution
		SolutionGuid = {A1D6CAEA-3137-4058-9039-D981C7EE37F6}
	EndGlobalSection
EndGlobal
